<Solution>
  <Folder Name="/src/">
    <Project Path="src/Miau.Api/Miau.Api.csproj" />
    <Project Path="src/Miau.Cli/Miau.Cli.csproj" />
    <Project Path="src/Miau.Core/Miau.Core.csproj" />
    <Project Path="src/Miau.Engine/Miau.Engine.csproj" />
  </Folder>
  <Folder Name="/tests/">
    <Project Path="tests/Miau.Api.Tests/Miau.Api.Tests.csproj" />
    <Project Path="tests/Miau.Core.Tests/Miau.Core.Tests.csproj" />
  </Folder>
</Solution>
